
Microsoft Visual Studio Solution File, Format Version 12.00
# Visual Studio Version 17
VisualStudioVersion = 17.8.34511.84
MinimumVisualStudioVersion = 10.0.40219.1
Project("{9A19103F-16F7-4668-BE54-9A1E7A4F7556}") = "CountriesLibrary", "PaisesLivraria\CountriesLibrary.csproj", "{15595C41-FF31-481F-86EF-FB7390130E20}"
EndProject
Project("{9A19103F-16F7-4668-BE54-9A1E7A4F7556}") = "CountryWPF", "CountryWPF\CountryWPF.csproj", "{1BDC065E-3516-407F-8D1A-19A96EEF496B}"
EndProject
Global
	GlobalSection(SolutionConfigurationPlatforms) = preSolution
		Debug|Any CPU = Debug|Any CPU
		Release|Any CPU = Release|Any CPU
	EndGlobalSection
	GlobalSection(ProjectConfigurationPlatforms) = postSolution
		{15595C41-FF31-481F-86EF-FB7390130E20}.Debug|Any CPU.ActiveCfg = Debug|Any CPU
		{15595C41-FF31-481F-86EF-FB7390130E20}.Debug|Any CPU.Build.0 = Debug|Any CPU
		{15595C41-FF31-481F-86EF-FB7390130E20}.Release|Any CPU.ActiveCfg = Release|Any CPU
		{15595C41-FF31-481F-86EF-FB7390130E20}.Release|Any CPU.Build.0 = Release|Any CPU
		{1BDC065E-3516-407F-8D1A-19A96EEF496B}.Debug|Any CPU.ActiveCfg = Debug|Any CPU
		{1BDC065E-3516-407F-8D1A-19A96EEF496B}.Debug|Any CPU.Build.0 = Debug|Any CPU
		{1BDC065E-3516-407F-8D1A-19A96EEF496B}.Release|Any CPU.ActiveCfg = Release|Any CPU
		{1BDC065E-3516-407F-8D1A-19A96EEF496B}.Release|Any CPU.Build.0 = Release|Any CPU
	EndGlobalSection
	GlobalSection(SolutionProperties) = preSolution
		HideSolutionNode = FALSE
	EndGlobalSection
	GlobalSection(ExtensibilityGlobals) = postSolution
		SolutionGuid = {E452C5A2-DAAD-4E6B-8E2E-57C73D55FDAC}
	EndGlobalSection
EndGlobal
